
Microsoft Visual Studio Solution File, Format Version 12.00
# Visual Studio Version 16
VisualStudioVersion = 16.0.30204.135
MinimumVisualStudioVersion = 10.0.40219.1
Project("{9A19103F-16F7-4668-BE54-9A1E7A4F7556}") = "sudokuNet", "sudokuNet\sudokuNet.csproj", "{5D10D4CE-F876-4F65-91C4-8EB0F8777857}"
EndProject
Project("{FAE04EC0-301F-11D3-BF4B-00C04F79EFBC}") = "sudokuTester", "sudokuTester\sudokuTester.csproj", "{AB9035C6-F2D8-4EBF-BCA1-1FDBD7FD63E3}"
EndProject
Global
	GlobalSection(SolutionConfigurationPlatforms) = preSolution
		Debug|Any CPU = Debug|Any CPU
		Release|Any CPU = Release|Any CPU
	EndGlobalSection
	GlobalSection(ProjectConfigurationPlatforms) = postSolution
		{5D10D4CE-F876-4F65-91C4-8EB0F8777857}.Debug|Any CPU.ActiveCfg = Debug|Any CPU
		{5D10D4CE-F876-4F65-91C4-8EB0F8777857}.Debug|Any CPU.Build.0 = Debug|Any CPU
		{5D10D4CE-F876-4F65-91C4-8EB0F8777857}.Release|Any CPU.ActiveCfg = Release|Any CPU
		{5D10D4CE-F876-4F65-91C4-8EB0F8777857}.Release|Any CPU.Build.0 = Release|Any CPU
		{AB9035C6-F2D8-4EBF-BCA1-1FDBD7FD63E3}.Debug|Any CPU.ActiveCfg = Debug|Any CPU
		{AB9035C6-F2D8-4EBF-BCA1-1FDBD7FD63E3}.Debug|Any CPU.Build.0 = Debug|Any CPU
		{AB9035C6-F2D8-4EBF-BCA1-1FDBD7FD63E3}.Release|Any CPU.ActiveCfg = Release|Any CPU
		{AB9035C6-F2D8-4EBF-BCA1-1FDBD7FD63E3}.Release|Any CPU.Build.0 = Release|Any CPU
	EndGlobalSection
	GlobalSection(SolutionProperties) = preSolution
		HideSolutionNode = FALSE
	EndGlobalSection
	GlobalSection(ExtensibilityGlobals) = postSolution
		SolutionGuid = {77F4F5A5-DD30-4592-826C-C9CC4C0C374E}
	EndGlobalSection
EndGlobal
